// !$*UTF8*$!
{
	archiveVersion = 1;
	classes = {};
	objectVersion = 56;
	objects = {
		A00000000000000000000001 = {isa = PBXProject; buildConfigurationList = A00000000000000000000010; compatibilityVersion = "Xcode 14.0"; mainGroup = A00000000000000000000002; productRefGroup = A00000000000000000000003; projectDirPath = ""; projectRoot = ""; targets = (A00000000000000000000020); };
		A00000000000000000000002 = {isa = PBXGroup; children = (A00000000000000000000030,A00000000000000000000031,A00000000000000000000000003); sourceTree = "<group>"; };
		A00000000000000000000003 = {isa = PBXGroup; children = (A00000000000000000000040); name = Products; sourceTree = "<group>"; };
		A00000000000000000000010 = {isa = XCConfigurationList; buildConfigurations = (A00000000000000000000011,A00000000000000000000012); defaultConfigurationIsVisible = 0; defaultConfigurationName = Release; };
		A00000000000000000000011 = {isa = XCBuildConfiguration; buildSettings = {INFOPLIST_FILE = CarPartCAD/Info.plist; IPHONEOS_DEPLOYMENT_TARGET = 17.0; PRODUCT_BUNDLE_IDENTIFIER = com.example.CarPartCAD; PRODUCT_NAME = "$(TARGET_NAME)"; SDKROOT = iphoneos; SWIFT_VERSION = 5.0; TARGETED_DEVICE_FAMILY = 1; }; name = Debug; };
		A00000000000000000000012 = {isa = XCBuildConfiguration; buildSettings = {INFOPLIST_FILE = CarPartCAD/Info.plist; IPHONEOS_DEPLOYMENT_TARGET = 17.0; PRODUCT_BUNDLE_IDENTIFIER = com.example.CarPartCAD; PRODUCT_NAME = "$(TARGET_NAME)"; SDKROOT = iphoneos; SWIFT_VERSION = 5.0; TARGETED_DEVICE_FAMILY = 1; }; name = Release; };
		A00000000000000000000020 = {isa = PBXNativeTarget; buildConfigurationList = A00000000000000000000010; buildPhases = (A00000000000000000000021,A00000000000000000000022); buildRules = (); dependencies = (); name = CarPartCAD; productName = CarPartCAD; productReference = A00000000000000000000040; productType = "com.apple.product-type.application"; };
		A00000000000000000000021 = {isa = PBXSourcesBuildPhase; files = (A00000000000000000000051,A00000000000000000000052,A00000000000000000000053,A00000000000000000000054,A00000000000000000000055); };
		A00000000000000000000022 = {isa = PBXResourcesBuildPhase; files = (); };
		A00000000000000000000030 = {isa = PBXGroup; children = (A00000000000000000000041,A00000000000000000000042,A00000000000000000000000043,A00000000000000000000000044,A00000000000000000000000045); path = CarPartCAD; sourceTree = "<group>"; };
		A00000000000000000000031 = {isa = PBXFileReference; lastKnownFileType = text.plist.xml; path = CarPartCAD/Info.plist; sourceTree = "<group>"; };
		A00000000000000000000040 = {isa = PBXFileReference; explicitFileType = wrapper.application; path = CarPartCAD.app; sourceTree = BUILT_PRODUCTS_DIR; };
		A00000000000000000000041 = {isa = PBXFileReference; lastKnownFileType = sourcecode.swift; path = CarPartCADApp.swift; sourceTree = "<group>"; };
		A00000000000000000000042 = {isa = PBXFileReference; lastKnownFileType = sourcecode.swift; path = Models.swift; sourceTree = "<group>"; };
		A00000000000000000000043 = {isa = PBXFileReference; lastKnownFileType = sourcecode.swift; path = ReconstructionModel.swift; sourceTree = "<group>"; };
		A00000000000000000000044 = {isa = PBXFileReference; lastKnownFileType = sourcecode.swift; path = ContentView.swift; sourceTree = "<group>"; };
		A00000000000000000000045 = {isa = PBXFileReference; lastKnownFileType = sourcecode.swift; path = CaptureViews.swift; sourceTree = "<group>"; };
		A00000000000000000000051 = {isa = PBXBuildFile; fileRef = A00000000000000000000041; };
		A00000000000000000000052 = {isa = PBXBuildFile; fileRef = A00000000000000000000042; };
		A00000000000000000000053 = {isa = PBXBuildFile; fileRef = A00000000000000000000043; };
		A00000000000000000000054 = {isa = PBXBuildFile; fileRef = A00000000000000000000044; };
		A00000000000000000000055 = {isa = PBXBuildFile; fileRef = A00000000000000000000045; };
	};
	rootObject = A00000000000000000000001;
}
